
Microsoft Visual Studio Solution File, Format Version 12.00
# Visual Studio Version 16
VisualStudioVersion = 16.0.29020.237
MinimumVisualStudioVersion = 10.0.40219.1
Project("{FAE04EC0-301F-11D3-BF4B-00C04F79EFBC}") = "Trader", "Trader.csproj", "{BA657FCC-C4BD-4FE9-836D-1E4EEB5E87FF}"
EndProject
Global
	GlobalSection(SolutionConfigurationPlatforms) = preSolution
		Debug|Any CPU = Debug|Any CPU
		Release|Any CPU = Release|Any CPU
	EndGlobalSection
	GlobalSection(ProjectConfigurationPlatforms) = postSolution
		{BA657FCC-C4BD-4FE9-836D-1E4EEB5E87FF}.Debug|Any CPU.ActiveCfg = Debug|Any CPU
		{BA657FCC-C4BD-4FE9-836D-1E4EEB5E87FF}.Debug|Any CPU.Build.0 = Debug|Any CPU
		{BA657FCC-C4BD-4FE9-836D-1E4EEB5E87FF}.Release|Any CPU.ActiveCfg = Release|Any CPU
		{BA657FCC-C4BD-4FE9-836D-1E4EEB5E87FF}.Release|Any CPU.Build.0 = Release|Any CPU
	EndGlobalSection
	GlobalSection(SolutionProperties) = preSolution
		HideSolutionNode = FALSE
	EndGlobalSection
	GlobalSection(ExtensibilityGlobals) = postSolution
		SolutionGuid = {6FDF540A-E04A-4A41-8001-A332C76F4E93}
	EndGlobalSection
EndGlobal
